
Microsoft Visual Studio Solution File, Format Version 12.00
# Visual Studio Version 16
VisualStudioVersion = 16.0.31624.102
MinimumVisualStudioVersion = 10.0.40219.1
Project("{FAE04EC0-301F-11D3-BF4B-00C04F79EFBC}") = "solidariedade", "solidariedade\solidariedade.csproj", "{32EDF873-179F-4883-98A6-5856EC3387F9}"
EndProject
Global
	GlobalSection(SolutionConfigurationPlatforms) = preSolution
		Debug|Any CPU = Debug|Any CPU
		Release|Any CPU = Release|Any CPU
	EndGlobalSection
	GlobalSection(ProjectConfigurationPlatforms) = postSolution
		{32EDF873-179F-4883-98A6-5856EC3387F9}.Debug|Any CPU.ActiveCfg = Debug|Any CPU
		{32EDF873-179F-4883-98A6-5856EC3387F9}.Debug|Any CPU.Build.0 = Debug|Any CPU
		{32EDF873-179F-4883-98A6-5856EC3387F9}.Release|Any CPU.ActiveCfg = Release|Any CPU
		{32EDF873-179F-4883-98A6-5856EC3387F9}.Release|Any CPU.Build.0 = Release|Any CPU
	EndGlobalSection
	GlobalSection(SolutionProperties) = preSolution
		HideSolutionNode = FALSE
	EndGlobalSection
	GlobalSection(ExtensibilityGlobals) = postSolution
		SolutionGuid = {0BDEB395-6DA7-4CEC-917D-18FCFDCAEE54}
	EndGlobalSection
EndGlobal
